
Microsoft Visual Studio Solution File, Format Version 12.00
# Visual Studio Version 17
VisualStudioVersion = 17.2.32526.322
MinimumVisualStudioVersion = 10.0.40219.1
Project("{FAE04EC0-301F-11D3-BF4B-00C04F79EFBC}") = "PracticalProject_Deloso_Nakpil_Miranda.Android", "PracticalProject_Deloso_Nakpil_Miranda\PracticalProject_Deloso_Nakpil_Miranda.Android\PracticalProject_Deloso_Nakpil_Miranda.Android.csproj", "{0FBE2F3B-AE74-4C09-A3A1-30F655136FA6}"
EndProject
Project("{FAE04EC0-301F-11D3-BF4B-00C04F79EFBC}") = "PracticalProject_Deloso_Nakpil_Miranda", "PracticalProject_Deloso_Nakpil_Miranda\PracticalProject_Deloso_Nakpil_Miranda\PracticalProject_Deloso_Nakpil_Miranda.csproj", "{A45A00E7-D2ED-4997-97CB-EAD32F9E7C8E}"
EndProject
Global
	GlobalSection(SolutionConfigurationPlatforms) = preSolution
		Debug|Any CPU = Debug|Any CPU
		Release|Any CPU = Release|Any CPU
	EndGlobalSection
	GlobalSection(ProjectConfigurationPlatforms) = postSolution
		{0FBE2F3B-AE74-4C09-A3A1-30F655136FA6}.Debug|Any CPU.ActiveCfg = Debug|Any CPU
		{0FBE2F3B-AE74-4C09-A3A1-30F655136FA6}.Debug|Any CPU.Build.0 = Debug|Any CPU
		{0FBE2F3B-AE74-4C09-A3A1-30F655136FA6}.Debug|Any CPU.Deploy.0 = Debug|Any CPU
		{0FBE2F3B-AE74-4C09-A3A1-30F655136FA6}.Release|Any CPU.ActiveCfg = Release|Any CPU
		{0FBE2F3B-AE74-4C09-A3A1-30F655136FA6}.Release|Any CPU.Build.0 = Release|Any CPU
		{0FBE2F3B-AE74-4C09-A3A1-30F655136FA6}.Release|Any CPU.Deploy.0 = Release|Any CPU
		{A45A00E7-D2ED-4997-97CB-EAD32F9E7C8E}.Debug|Any CPU.ActiveCfg = Debug|Any CPU
		{A45A00E7-D2ED-4997-97CB-EAD32F9E7C8E}.Debug|Any CPU.Build.0 = Debug|Any CPU
		{A45A00E7-D2ED-4997-97CB-EAD32F9E7C8E}.Debug|Any CPU.Deploy.0 = Debug|Any CPU
		{A45A00E7-D2ED-4997-97CB-EAD32F9E7C8E}.Release|Any CPU.ActiveCfg = Release|Any CPU
		{A45A00E7-D2ED-4997-97CB-EAD32F9E7C8E}.Release|Any CPU.Build.0 = Release|Any CPU
		{A45A00E7-D2ED-4997-97CB-EAD32F9E7C8E}.Release|Any CPU.Deploy.0 = Release|Any CPU
	EndGlobalSection
	GlobalSection(SolutionProperties) = preSolution
		HideSolutionNode = FALSE
	EndGlobalSection
	GlobalSection(ExtensibilityGlobals) = postSolution
		SolutionGuid = {B03F3A3A-17FD-4C0F-B056-BED3803CE7D1}
	EndGlobalSection
EndGlobal
